
Microsoft Visual Studio Solution File, Format Version 12.00
Project("{FAE04EC0-301F-11D3-BF4B-00C04F79EFBC}") = "custom-dictionary-mw", "custom-dictionary-mw.csproj", "{A58CEAF9-CD19-45EA-920E-7E6FE0ED948B}"
EndProject
Global
	GlobalSection(SolutionConfigurationPlatforms) = preSolution
		Debug|Any CPU = Debug|Any CPU
		Release|Any CPU = Release|Any CPU
	EndGlobalSection
	GlobalSection(ProjectConfigurationPlatforms) = postSolution
		{A58CEAF9-CD19-45EA-920E-7E6FE0ED948B}.Debug|Any CPU.ActiveCfg = Debug|Any CPU
		{A58CEAF9-CD19-45EA-920E-7E6FE0ED948B}.Debug|Any CPU.Build.0 = Debug|Any CPU
		{A58CEAF9-CD19-45EA-920E-7E6FE0ED948B}.Release|Any CPU.ActiveCfg = Release|Any CPU
		{A58CEAF9-CD19-45EA-920E-7E6FE0ED948B}.Release|Any CPU.Build.0 = Release|Any CPU
	EndGlobalSection
EndGlobal
